// !$*UTF8*$!
{
	archiveVersion = 1;
	classes = {
	};
	objectVersion = 56;
	objects = {

/* Begin PBXBuildFile section */
		3F03083F0041982C216C0933 /* Pods_AstroTests.framework in Frameworks */ = {isa = PBXBuildFile; fileRef = D4E6679C596A0E46FC7B917B /* Pods_AstroTests.framework */; };
		759ECF3229869F87008F39B5 /* AstroApp.swift in Sources */ = {isa = PBXBuildFile; fileRef = 759ECF3129869F87008F39B5 /* AstroApp.swift */; };
		759ECF3929869F88008F39B5 /* Preview Assets.xcassets in Resources */ = {isa = PBXBuildFile; fileRef = 759ECF3829869F88008F39B5 /* Preview Assets.xcassets */; };
		759ECF612986B01A008F39B5 /* Localizable.strings in Resources */ = {isa = PBXBuildFile; fileRef = 759ECF632986B01A008F39B5 /* Localizable.strings */; };
		759ECF652986B057008F39B5 /* Images.xcassets in Resources */ = {isa = PBXBuildFile; fileRef = 759ECF642986B057008F39B5 /* Images.xcassets */; };
		759ECF672986B066008F39B5 /* Colors.xcassets in Resources */ = {isa = PBXBuildFile; fileRef = 759ECF662986B066008F39B5 /* Colors.xcassets */; };
		759ECF6A2986B159008F39B5 /* Assets.xcassets in Resources */ = {isa = PBXBuildFile; fileRef = 759ECF692986B159008F39B5 /* Assets.xcassets */; };
		759ECF6C2986B177008F39B5 /* Asset.swift in Sources */ = {isa = PBXBuildFile; fileRef = 759ECF6B2986B177008F39B5 /* Asset.swift */; };
		759ECF6E2986B181008F39B5 /* L10n.swift in Sources */ = {isa = PBXBuildFile; fileRef = 759ECF6D2986B181008F39B5 /* L10n.swift */; };
		759ECF722986B60C008F39B5 /* Theme.swift in Sources */ = {isa = PBXBuildFile; fileRef = 759ECF712986B60C008F39B5 /* Theme.swift */; };
		759ECF762986B88D008F39B5 /* APIServiceProtocol.swift in Sources */ = {isa = PBXBuildFile; fileRef = 759ECF752986B88D008F39B5 /* APIServiceProtocol.swift */; };
		759ECF782986B8AE008F39B5 /* APIError.swift in Sources */ = {isa = PBXBuildFile; fileRef = 759ECF772986B8AE008F39B5 /* APIError.swift */; };
		759ECF7A2986B8BC008F39B5 /* RequestConstructor.swift in Sources */ = {isa = PBXBuildFile; fileRef = 759ECF792986B8BC008F39B5 /* RequestConstructor.swift */; };
		759ECF7C2986B8C6008F39B5 /* HTTPMethod.swift in Sources */ = {isa = PBXBuildFile; fileRef = 759ECF7B2986B8C6008F39B5 /* HTTPMethod.swift */; };
		759ECF822986C77E008F39B5 /* AstroListResponse.swift in Sources */ = {isa = PBXBuildFile; fileRef = 759ECF812986C77E008F39B5 /* AstroListResponse.swift */; };
		759ECF842986C797008F39B5 /* Astronaut.swift in Sources */ = {isa = PBXBuildFile; fileRef = 759ECF832986C797008F39B5 /* Astronaut.swift */; };
		759ECF862986C79F008F39B5 /* Agency.swift in Sources */ = {isa = PBXBuildFile; fileRef = 759ECF852986C79F008F39B5 /* Agency.swift */; };
		759ECF882986C7A9008F39B5 /* AstronautStatus.swift in Sources */ = {isa = PBXBuildFile; fileRef = 759ECF872986C7A9008F39B5 /* AstronautStatus.swift */; };
		759ECF8A2986C7B3008F39B5 /* AstronautType.swift in Sources */ = {isa = PBXBuildFile; fileRef = 759ECF892986C7B3008F39B5 /* AstronautType.swift */; };
		759ECF922986CEFC008F39B5 /* AstroService.swift in Sources */ = {isa = PBXBuildFile; fileRef = 759ECF912986CEFC008F39B5 /* AstroService.swift */; };
		759ECF942986CF35008F39B5 /* astronauts.json in Resources */ = {isa = PBXBuildFile; fileRef = 759ECF932986CF35008F39B5 /* astronauts.json */; };
		759ECF962986CF68008F39B5 /* TestData.swift in Sources */ = {isa = PBXBuildFile; fileRef = 759ECF952986CF68008F39B5 /* TestData.swift */; };
		759ECF9E2986D249008F39B5 /* AstroServiceTests.swift in Sources */ = {isa = PBXBuildFile; fileRef = 759ECF982986D03D008F39B5 /* AstroServiceTests.swift */; };
		759ECF9F2986D254008F39B5 /* MockURLProtocol.swift in Sources */ = {isa = PBXBuildFile; fileRef = 759ECF9C2986D06F008F39B5 /* MockURLProtocol.swift */; };
		759ECFA12986D39B008F39B5 /* MockAstroService.swift in Sources */ = {isa = PBXBuildFile; fileRef = 759ECFA02986D39B008F39B5 /* MockAstroService.swift */; };
		759ECFA72986D4C7008F39B5 /* Configurations.plist in Resources */ = {isa = PBXBuildFile; fileRef = 759ECFA62986D4C7008F39B5 /* Configurations.plist */; };
		759ECFA92986D571008F39B5 /* Configurator.swift in Sources */ = {isa = PBXBuildFile; fileRef = 759ECFA82986D571008F39B5 /* Configurator.swift */; };
		759ECFAC2986D595008F39B5 /* Configuration.swift in Sources */ = {isa = PBXBuildFile; fileRef = 759ECFAB2986D595008F39B5 /* Configuration.swift */; };
		759ECFB22986D75A008F39B5 /* RepositoryProtocol.swift in Sources */ = {isa = PBXBuildFile; fileRef = 759ECFB12986D75A008F39B5 /* RepositoryProtocol.swift */; };
		759ECFB52986D7C0008F39B5 /* AstroRepository.swift in Sources */ = {isa = PBXBuildFile; fileRef = 759ECFB42986D7C0008F39B5 /* AstroRepository.swift */; };
		759ECFB82986D7F8008F39B5 /* URLRequest+Headers.swift in Sources */ = {isa = PBXBuildFile; fileRef = 759ECFB72986D7F8008F39B5 /* URLRequest+Headers.swift */; };
		759ECFBE2986D844008F39B5 /* AstroRepositoryTests.swift in Sources */ = {isa = PBXBuildFile; fileRef = 759ECFBD2986D844008F39B5 /* AstroRepositoryTests.swift */; };
		759ECFBF2986D870008F39B5 /* MockAstroRepository.swift in Sources */ = {isa = PBXBuildFile; fileRef = 759ECFBB2986D82C008F39B5 /* MockAstroRepository.swift */; };
		759ECFC32986D973008F39B5 /* AstroListViewModel.swift in Sources */ = {isa = PBXBuildFile; fileRef = 759ECFC22986D973008F39B5 /* AstroListViewModel.swift */; };
		759ECFC62986D99B008F39B5 /* AstroListView.swift in Sources */ = {isa = PBXBuildFile; fileRef = 759ECFC52986D99B008F39B5 /* AstroListView.swift */; };
		759ECFC82986D9E5008F39B5 /* AstroListViewModelProtocol.swift in Sources */ = {isa = PBXBuildFile; fileRef = 759ECFC72986D9E5008F39B5 /* AstroListViewModelProtocol.swift */; };
		759ECFCA2986DC89008F39B5 /* AstroListRow.swift in Sources */ = {isa = PBXBuildFile; fileRef = 759ECFC92986DC89008F39B5 /* AstroListRow.swift */; };
		759ECFCD2986DD27008F39B5 /* MockAstroListViewModel.swift in Sources */ = {isa = PBXBuildFile; fileRef = 759ECFCC2986DD27008F39B5 /* MockAstroListViewModel.swift */; };
		759ECFD12986DE7E008F39B5 /* AstroListViewModelTests.swift in Sources */ = {isa = PBXBuildFile; fileRef = 759ECFCF2986DE5D008F39B5 /* AstroListViewModelTests.swift */; };
		759ECFD42986DF2E008F39B5 /* SDWebImageSwiftUI in Frameworks */ = {isa = PBXBuildFile; productRef = 759ECFD32986DF2E008F39B5 /* SDWebImageSwiftUI */; };
		759ECFD62986E065008F39B5 /* AstroFilterView.swift in Sources */ = {isa = PBXBuildFile; fileRef = 759ECFD52986E065008F39B5 /* AstroFilterView.swift */; };
		759ECFD82986E06D008F39B5 /* AstroFilterRow.swift in Sources */ = {isa = PBXBuildFile; fileRef = 759ECFD72986E06D008F39B5 /* AstroFilterRow.swift */; };
		759ECFDA2986E302008F39B5 /* SDWebImageSwiftUI in Frameworks */ = {isa = PBXBuildFile; productRef = 759ECFD92986E302008F39B5 /* SDWebImageSwiftUI */; };
		759ECFDD2986E49C008F39B5 /* AstroDetailViewModel.swift in Sources */ = {isa = PBXBuildFile; fileRef = 759ECFDC2986E49C008F39B5 /* AstroDetailViewModel.swift */; };
		759ECFE22986E4EA008F39B5 /* AstronautLink.swift in Sources */ = {isa = PBXBuildFile; fileRef = 759ECFE12986E4EA008F39B5 /* AstronautLink.swift */; };
		759ECFE42986E500008F39B5 /* AstroDetailViewModelTests.swift in Sources */ = {isa = PBXBuildFile; fileRef = 759ECFE32986E500008F39B5 /* AstroDetailViewModelTests.swift */; };
		759ECFE62986E50C008F39B5 /* AstroDetailView.swift in Sources */ = {isa = PBXBuildFile; fileRef = 759ECFE52986E50C008F39B5 /* AstroDetailView.swift */; };
		759ECFE82986E520008F39B5 /* DetailHeaderView.swift in Sources */ = {isa = PBXBuildFile; fileRef = 759ECFE72986E520008F39B5 /* DetailHeaderView.swift */; };
		759ECFEA2986E529008F39B5 /* DetailBioView.swift in Sources */ = {isa = PBXBuildFile; fileRef = 759ECFE92986E529008F39B5 /* DetailBioView.swift */; };
		E995328BA142FBE4B9FF26B8 /* Pods_Astro.framework in Frameworks */ = {isa = PBXBuildFile; fileRef = 2C69564FE8CFF02DEAA1E7BE /* Pods_Astro.framework */; };
/* End PBXBuildFile section */

/* Begin PBXContainerItemProxy section */
		759ECF3F29869F88008F39B5 /* PBXContainerItemProxy */ = {
			isa = PBXContainerItemProxy;
			containerPortal = 759ECF2629869F87008F39B5 /* Project object */;
			proxyType = 1;
			remoteGlobalIDString = 759ECF2D29869F87008F39B5;
			remoteInfo = Astro;
		};
/* End PBXContainerItemProxy section */

/* Begin PBXFileReference section */
		00D397EBA632EE3B5B614EDC /* Pods-AstroTests.release.xcconfig */ = {isa = PBXFileReference; includeInIndex = 1; lastKnownFileType = text.xcconfig; name = "Pods-AstroTests.release.xcconfig"; path = "Target Support Files/Pods-AstroTests/Pods-AstroTests.release.xcconfig"; sourceTree = "<group>"; };
		02968FE1A7DD5FAB04567361 /* Pods-AstroTests.debug.xcconfig */ = {isa = PBXFileReference; includeInIndex = 1; lastKnownFileType = text.xcconfig; name = "Pods-AstroTests.debug.xcconfig"; path = "Target Support Files/Pods-AstroTests/Pods-AstroTests.debug.xcconfig"; sourceTree = "<group>"; };
		2C69564FE8CFF02DEAA1E7BE /* Pods_Astro.framework */ = {isa = PBXFileReference; explicitFileType = wrapper.framework; includeInIndex = 0; path = Pods_Astro.framework; sourceTree = BUILT_PRODUCTS_DIR; };
		4705D708245D968EBC765611 /* Pods-Astro.debug.xcconfig */ = {isa = PBXFileReference; includeInIndex = 1; lastKnownFileType = text.xcconfig; name = "Pods-Astro.debug.xcconfig"; path = "Target Support Files/Pods-Astro/Pods-Astro.debug.xcconfig"; sourceTree = "<group>"; };
		759ECF2E29869F87008F39B5 /* Astro.app */ = {isa = PBXFileReference; explicitFileType = wrapper.application; includeInIndex = 0; path = Astro.app; sourceTree = BUILT_PRODUCTS_DIR; };
		759ECF3129869F87008F39B5 /* AstroApp.swift */ = {isa = PBXFileReference; lastKnownFileType = sourcecode.swift; path = AstroApp.swift; sourceTree = "<group>"; };
		759ECF3829869F88008F39B5 /* Preview Assets.xcassets */ = {isa = PBXFileReference; lastKnownFileType = folder.assetcatalog; path = "Preview Assets.xcassets"; sourceTree = "<group>"; };
		759ECF3E29869F88008F39B5 /* AstroTests.xctest */ = {isa = PBXFileReference; explicitFileType = wrapper.cfbundle; includeInIndex = 0; path = AstroTests.xctest; sourceTree = BUILT_PRODUCTS_DIR; };
		759ECF622986B01A008F39B5 /* en */ = {isa = PBXFileReference; lastKnownFileType = text.plist.strings; name = en; path = en.lproj/Localizable.strings; sourceTree = "<group>"; };
		759ECF642986B057008F39B5 /* Images.xcassets */ = {isa = PBXFileReference; lastKnownFileType = folder.assetcatalog; path = Images.xcassets; sourceTree = "<group>"; };
		759ECF662986B066008F39B5 /* Colors.xcassets */ = {isa = PBXFileReference; lastKnownFileType = folder.assetcatalog; path = Colors.xcassets; sourceTree = "<group>"; };
		759ECF692986B159008F39B5 /* Assets.xcassets */ = {isa = PBXFileReference; lastKnownFileType = folder.assetcatalog; path = Assets.xcassets; sourceTree = "<group>"; };
		759ECF6B2986B177008F39B5 /* Asset.swift */ = {isa = PBXFileReference; fileEncoding = 4; lastKnownFileType = sourcecode.swift; path = Asset.swift; sourceTree = "<group>"; };
		759ECF6D2986B181008F39B5 /* L10n.swift */ = {isa = PBXFileReference; fileEncoding = 4; lastKnownFileType = sourcecode.swift; path = L10n.swift; sourceTree = "<group>"; };
		759ECF712986B60C008F39B5 /* Theme.swift */ = {isa = PBXFileReference; lastKnownFileType = sourcecode.swift; path = Theme.swift; sourceTree = "<group>"; };
		759ECF752986B88D008F39B5 /* APIServiceProtocol.swift */ = {isa = PBXFileReference; lastKnownFileType = sourcecode.swift; path = APIServiceProtocol.swift; sourceTree = "<group>"; };
		759ECF772986B8AE008F39B5 /* APIError.swift */ = {isa = PBXFileReference; lastKnownFileType = sourcecode.swift; path = APIError.swift; sourceTree = "<group>"; };
		759ECF792986B8BC008F39B5 /* RequestConstructor.swift */ = {isa = PBXFileReference; lastKnownFileType = sourcecode.swift; path = RequestConstructor.swift; sourceTree = "<group>"; };
		759ECF7B2986B8C6008F39B5 /* HTTPMethod.swift */ = {isa = PBXFileReference; lastKnownFileType = sourcecode.swift; path = HTTPMethod.swift; sourceTree = "<group>"; };
		759ECF812986C77E008F39B5 /* AstroListResponse.swift */ = {isa = PBXFileReference; lastKnownFileType = sourcecode.swift; path = AstroListResponse.swift; sourceTree = "<group>"; };
		759ECF832986C797008F39B5 /* Astronaut.swift */ = {isa = PBXFileReference; lastKnownFileType = sourcecode.swift; path = Astronaut.swift; sourceTree = "<group>"; };
		759ECF852986C79F008F39B5 /* Agency.swift */ = {isa = PBXFileReference; lastKnownFileType = sourcecode.swift; path = Agency.swift; sourceTree = "<group>"; };
		759ECF872986C7A9008F39B5 /* AstronautStatus.swift */ = {isa = PBXFileReference; lastKnownFileType = sourcecode.swift; path = AstronautStatus.swift; sourceTree = "<group>"; };
		759ECF892986C7B3008F39B5 /* AstronautType.swift */ = {isa = PBXFileReference; lastKnownFileType = sourcecode.swift; path = AstronautType.swift; sourceTree = "<group>"; };
		759ECF912986CEFC008F39B5 /* AstroService.swift */ = {isa = PBXFileReference; lastKnownFileType = sourcecode.swift; path = AstroService.swift; sourceTree = "<group>"; };
		759ECF932986CF35008F39B5 /* astronauts.json */ = {isa = PBXFileReference; lastKnownFileType = text.json; path = astronauts.json; sourceTree = "<group>"; };
		759ECF952986CF68008F39B5 /* TestData.swift */ = {isa = PBXFileReference; lastKnownFileType = sourcecode.swift; path = TestData.swift; sourceTree = "<group>"; };
		759ECF982986D03D008F39B5 /* AstroServiceTests.swift */ = {isa = PBXFileReference; lastKnownFileType = sourcecode.swift; path = AstroServiceTests.swift; sourceTree = "<group>"; };
		759ECF9C2986D06F008F39B5 /* MockURLProtocol.swift */ = {isa = PBXFileReference; lastKnownFileType = sourcecode.swift; path = MockURLProtocol.swift; sourceTree = "<group>"; };
		759ECFA02986D39B008F39B5 /* MockAstroService.swift */ = {isa = PBXFileReference; lastKnownFileType = sourcecode.swift; path = MockAstroService.swift; sourceTree = "<group>"; };
		759ECFA62986D4C7008F39B5 /* Configurations.plist */ = {isa = PBXFileReference; lastKnownFileType = text.plist.xml; path = Configurations.plist; sourceTree = "<group>"; };
		759ECFA82986D571008F39B5 /* Configurator.swift */ = {isa = PBXFileReference; lastKnownFileType = sourcecode.swift; path = Configurator.swift; sourceTree = "<group>"; };
		759ECFAB2986D595008F39B5 /* Configuration.swift */ = {isa = PBXFileReference; lastKnownFileType = sourcecode.swift; path = Configuration.swift; sourceTree = "<group>"; };
		759ECFB12986D75A008F39B5 /* RepositoryProtocol.swift */ = {isa = PBXFileReference; lastKnownFileType = sourcecode.swift; path = RepositoryProtocol.swift; sourceTree = "<group>"; };
		759ECFB42986D7C0008F39B5 /* AstroRepository.swift */ = {isa = PBXFileReference; lastKnownFileType = sourcecode.swift; path = AstroRepository.swift; sourceTree = "<group>"; };
		759ECFB72986D7F8008F39B5 /* URLRequest+Headers.swift */ = {isa = PBXFileReference; lastKnownFileType = sourcecode.swift; path = "URLRequest+Headers.swift"; sourceTree = "<group>"; };
		759ECFBB2986D82C008F39B5 /* MockAstroRepository.swift */ = {isa = PBXFileReference; lastKnownFileType = sourcecode.swift; path = MockAstroRepository.swift; sourceTree = "<group>"; };
		759ECFBD2986D844008F39B5 /* AstroRepositoryTests.swift */ = {isa = PBXFileReference; lastKnownFileType = sourcecode.swift; path = AstroRepositoryTests.swift; sourceTree = "<group>"; };
		759ECFC22986D973008F39B5 /* AstroListViewModel.swift */ = {isa = PBXFileReference; lastKnownFileType = sourcecode.swift; path = AstroListViewModel.swift; sourceTree = "<group>"; };
		759ECFC52986D99B008F39B5 /* AstroListView.swift */ = {isa = PBXFileReference; lastKnownFileType = sourcecode.swift; path = AstroListView.swift; sourceTree = "<group>"; };
		759ECFC72986D9E5008F39B5 /* AstroListViewModelProtocol.swift */ = {isa = PBXFileReference; lastKnownFileType = sourcecode.swift; path = AstroListViewModelProtocol.swift; sourceTree = "<group>"; };
		759ECFC92986DC89008F39B5 /* AstroListRow.swift */ = {isa = PBXFileReference; lastKnownFileType = sourcecode.swift; path = AstroListRow.swift; sourceTree = "<group>"; };
		759ECFCC2986DD27008F39B5 /* MockAstroListViewModel.swift */ = {isa = PBXFileReference; lastKnownFileType = sourcecode.swift; path = MockAstroListViewModel.swift; sourceTree = "<group>"; };
		759ECFCF2986DE5D008F39B5 /* AstroListViewModelTests.swift */ = {isa = PBXFileReference; lastKnownFileType = sourcecode.swift; path = AstroListViewModelTests.swift; sourceTree = "<group>"; };
		759ECFD52986E065008F39B5 /* AstroFilterView.swift */ = {isa = PBXFileReference; lastKnownFileType = sourcecode.swift; path = AstroFilterView.swift; sourceTree = "<group>"; };
		759ECFD72986E06D008F39B5 /* AstroFilterRow.swift */ = {isa = PBXFileReference; lastKnownFileType = sourcecode.swift; path = AstroFilterRow.swift; sourceTree = "<group>"; };
		759ECFDC2986E49C008F39B5 /* AstroDetailViewModel.swift */ = {isa = PBXFileReference; lastKnownFileType = sourcecode.swift; path = AstroDetailViewModel.swift; sourceTree = "<group>"; };
		759ECFE12986E4EA008F39B5 /* AstronautLink.swift */ = {isa = PBXFileReference; lastKnownFileType = sourcecode.swift; path = AstronautLink.swift; sourceTree = "<group>"; };
		759ECFE32986E500008F39B5 /* AstroDetailViewModelTests.swift */ = {isa = PBXFileReference; lastKnownFileType = sourcecode.swift; path = AstroDetailViewModelTests.swift; sourceTree = "<group>"; };
		759ECFE52986E50C008F39B5 /* AstroDetailView.swift */ = {isa = PBXFileReference; lastKnownFileType = sourcecode.swift; path = AstroDetailView.swift; sourceTree = "<group>"; };
		759ECFE72986E520008F39B5 /* DetailHeaderView.swift */ = {isa = PBXFileReference; lastKnownFileType = sourcecode.swift; path = DetailHeaderView.swift; sourceTree = "<group>"; };
		759ECFE92986E529008F39B5 /* DetailBioView.swift */ = {isa = PBXFileReference; lastKnownFileType = sourcecode.swift; path = DetailBioView.swift; sourceTree = "<group>"; };
		ABD88F79E1BEC7C35CDDD174 /* Pods-Astro.release.xcconfig */ = {isa = PBXFileReference; includeInIndex = 1; lastKnownFileType = text.xcconfig; name = "Pods-Astro.release.xcconfig"; path = "Target Support Files/Pods-Astro/Pods-Astro.release.xcconfig"; sourceTree = "<group>"; };
		D4E6679C596A0E46FC7B917B /* Pods_AstroTests.framework */ = {isa = PBXFileReference; explicitFileType = wrapper.framework; includeInIndex = 0; path = Pods_AstroTests.framework; sourceTree = BUILT_PRODUCTS_DIR; };
/* End PBXFileReference section */

/* Begin PBXFrameworksBuildPhase section */
		759ECF2B29869F87008F39B5 /* Frameworks */ = {
			isa = PBXFrameworksBuildPhase;
			buildActionMask = 2147483647;
			files = (
				759ECFD42986DF2E008F39B5 /* SDWebImageSwiftUI in Frameworks */,
				E995328BA142FBE4B9FF26B8 /* Pods_Astro.framework in Frameworks */,
			);
			runOnlyForDeploymentPostprocessing = 0;
		};
		759ECF3B29869F88008F39B5 /* Frameworks */ = {
			isa = PBXFrameworksBuildPhase;
			buildActionMask = 2147483647;
			files = (
				759ECFDA2986E302008F39B5 /* SDWebImageSwiftUI in Frameworks */,
				3F03083F0041982C216C0933 /* Pods_AstroTests.framework in Frameworks */,
			);
			runOnlyForDeploymentPostprocessing = 0;
		};
/* End PBXFrameworksBuildPhase section */

/* Begin PBXGroup section */
		0757355F79E91612B147F5AB /* Frameworks */ = {
			isa = PBXGroup;
			children = (
				2C69564FE8CFF02DEAA1E7BE /* Pods_Astro.framework */,
				D4E6679C596A0E46FC7B917B /* Pods_AstroTests.framework */,
			);
			name = Frameworks;
			sourceTree = "<group>";
		};
		759ECF2529869F87008F39B5 = {
			isa = PBXGroup;
			children = (
				759ECF3029869F87008F39B5 /* Astro */,
				759ECF2F29869F87008F39B5 /* Products */,
				81293EF8E2CDA469FA92C4C9 /* Pods */,
				0757355F79E91612B147F5AB /* Frameworks */,
			);
			sourceTree = "<group>";
		};
		759ECF2F29869F87008F39B5 /* Products */ = {
			isa = PBXGroup;
			children = (
				759ECF2E29869F87008F39B5 /* Astro.app */,
				759ECF3E29869F88008F39B5 /* AstroTests.xctest */,
			);
			name = Products;
			sourceTree = "<group>";
		};
		759ECF3029869F87008F39B5 /* Astro */ = {
			isa = PBXGroup;
			children = (
				759ECF5B2986AFA3008F39B5 /* Core */,
				759ECFC02986D949008F39B5 /* Modules */,
				759ECF692986B159008F39B5 /* Assets.xcassets */,
				759ECF3729869F88008F39B5 /* Preview Content */,
			);
			path = Astro;
			sourceTree = "<group>";
		};
		759ECF3729869F88008F39B5 /* Preview Content */ = {
			isa = PBXGroup;
			children = (
			);
			path = "Preview Content";
			sourceTree = "<group>";
		};
		759ECF5B2986AFA3008F39B5 /* Core */ = {
			isa = PBXGroup;
			children = (
				759ECFA52986D4AC008F39B5 /* Configurations */,
				759ECFB62986D7D7008F39B5 /* Extensions */,
				759ECF732986B6DA008F39B5 /* Lifecycle */,
				759ECF742986B875008F39B5 /* Networking */,
				759ECFAD2986D723008F39B5 /* Repositories */,
				759ECF5C2986AFB0008F39B5 /* Resources */,
				759ECF702986B5F4008F39B5 /* Utilities */,
			);
			path = Core;
			sourceTree = "<group>";
		};
		759ECF5C2986AFB0008F39B5 /* Resources */ = {
			isa = PBXGroup;
			children = (
				759ECF5D2986AFED008F39B5 /* Assets */,
				759ECF5E2986AFF3008F39B5 /* Localization */,
			);
			path = Resources;
			sourceTree = "<group>";
		};
		759ECF5D2986AFED008F39B5 /* Assets */ = {
			isa = PBXGroup;
			children = (
				759ECF642986B057008F39B5 /* Images.xcassets */,
				759ECF662986B066008F39B5 /* Colors.xcassets */,
				759ECF3829869F88008F39B5 /* Preview Assets.xcassets */,
				759ECF6B2986B177008F39B5 /* Asset.swift */,
			);
			path = Assets;
			sourceTree = "<group>";
		};
		759ECF5E2986AFF3008F39B5 /* Localization */ = {
			isa = PBXGroup;
			children = (
				759ECF632986B01A008F39B5 /* Localizable.strings */,
				759ECF6D2986B181008F39B5 /* L10n.swift */,
			);
			path = Localization;
			sourceTree = "<group>";
		};
		759ECF702986B5F4008F39B5 /* Utilities */ = {
			isa = PBXGroup;
			children = (
				759ECF952986CF68008F39B5 /* TestData.swift */,
				759ECF712986B60C008F39B5 /* Theme.swift */,
			);
			path = Utilities;
			sourceTree = "<group>";
		};
		759ECF732986B6DA008F39B5 /* Lifecycle */ = {
			isa = PBXGroup;
			children = (
				759ECF3129869F87008F39B5 /* AstroApp.swift */,
			);
			path = Lifecycle;
			sourceTree = "<group>";
		};
		759ECF742986B875008F39B5 /* Networking */ = {
			isa = PBXGroup;
			children = (
				759ECF772986B8AE008F39B5 /* APIError.swift */,
				759ECF752986B88D008F39B5 /* APIServiceProtocol.swift */,
				759ECF7B2986B8C6008F39B5 /* HTTPMethod.swift */,
				759ECF792986B8BC008F39B5 /* RequestConstructor.swift */,
				759ECF7D2986C71C008F39B5 /* AstroService */,
				759ECF9A2986D056008F39B5 /* Tests */,
			);
			path = Networking;
			sourceTree = "<group>";
		};
		759ECF7D2986C71C008F39B5 /* AstroService */ = {
			isa = PBXGroup;
			children = (
				759ECF912986CEFC008F39B5 /* AstroService.swift */,
				759ECF802986C754008F39B5 /* Models */,
				759ECF8F2986CECF008F39B5 /* Mocks */,
				759ECF972986D02A008F39B5 /* Tests */,
			);
			path = AstroService;
			sourceTree = "<group>";
		};
		759ECF802986C754008F39B5 /* Models */ = {
			isa = PBXGroup;
			children = (
				759ECF812986C77E008F39B5 /* AstroListResponse.swift */,
				759ECF832986C797008F39B5 /* Astronaut.swift */,
				759ECF852986C79F008F39B5 /* Agency.swift */,
				759ECF872986C7A9008F39B5 /* AstronautStatus.swift */,
				759ECF892986C7B3008F39B5 /* AstronautType.swift */,
			);
			path = Models;
			sourceTree = "<group>";
		};
		759ECF8F2986CECF008F39B5 /* Mocks */ = {
			isa = PBXGroup;
			children = (
				759ECF932986CF35008F39B5 /* astronauts.json */,
				759ECFA02986D39B008F39B5 /* MockAstroService.swift */,
			);
			path = Mocks;
			sourceTree = "<group>";
		};
		759ECF972986D02A008F39B5 /* Tests */ = {
			isa = PBXGroup;
			children = (
				759ECF982986D03D008F39B5 /* AstroServiceTests.swift */,
			);
			path = Tests;
			sourceTree = "<group>";
		};
		759ECF9A2986D056008F39B5 /* Tests */ = {
			isa = PBXGroup;
			children = (
				759ECF9B2986D05D008F39B5 /* Mocks */,
			);
			path = Tests;
			sourceTree = "<group>";
		};
		759ECF9B2986D05D008F39B5 /* Mocks */ = {
			isa = PBXGroup;
			children = (
				759ECF9C2986D06F008F39B5 /* MockURLProtocol.swift */,
			);
			path = Mocks;
			sourceTree = "<group>";
		};
		759ECFA52986D4AC008F39B5 /* Configurations */ = {
			isa = PBXGroup;
			children = (
				759ECFA62986D4C7008F39B5 /* Configurations.plist */,
				759ECFA82986D571008F39B5 /* Configurator.swift */,
				759ECFAA2986D581008F39B5 /* Models */,
			);
			path = Configurations;
			sourceTree = "<group>";
		};
		759ECFAA2986D581008F39B5 /* Models */ = {
			isa = PBXGroup;
			children = (
				759ECFAB2986D595008F39B5 /* Configuration.swift */,
			);
			path = Models;
			sourceTree = "<group>";
		};
		759ECFAD2986D723008F39B5 /* Repositories */ = {
			isa = PBXGroup;
			children = (
				759ECFB12986D75A008F39B5 /* RepositoryProtocol.swift */,
				759ECFB32986D7AF008F39B5 /* AstroRepository */,
			);
			path = Repositories;
			sourceTree = "<group>";
		};
		759ECFB32986D7AF008F39B5 /* AstroRepository */ = {
			isa = PBXGroup;
			children = (
				759ECFB42986D7C0008F39B5 /* AstroRepository.swift */,
				759ECFB92986D80D008F39B5 /* Mocks */,
				759ECFBA2986D812008F39B5 /* Tests */,
			);
			path = AstroRepository;
			sourceTree = "<group>";
		};
		759ECFB62986D7D7008F39B5 /* Extensions */ = {
			isa = PBXGroup;
			children = (
				759ECFB72986D7F8008F39B5 /* URLRequest+Headers.swift */,
			);
			path = Extensions;
			sourceTree = "<group>";
		};
		759ECFB92986D80D008F39B5 /* Mocks */ = {
			isa = PBXGroup;
			children = (
				759ECFBB2986D82C008F39B5 /* MockAstroRepository.swift */,
			);
			path = Mocks;
			sourceTree = "<group>";
		};
		759ECFBA2986D812008F39B5 /* Tests */ = {
			isa = PBXGroup;
			children = (
				759ECFBD2986D844008F39B5 /* AstroRepositoryTests.swift */,
			);
			path = Tests;
			sourceTree = "<group>";
		};
		759ECFC02986D949008F39B5 /* Modules */ = {
			isa = PBXGroup;
			children = (
				759ECFC12986D957008F39B5 /* AstroList */,
				759ECFDB2986E487008F39B5 /* AstroDetail */,
			);
			path = Modules;
			sourceTree = "<group>";
		};
		759ECFC12986D957008F39B5 /* AstroList */ = {
			isa = PBXGroup;
			children = (
				759ECFC72986D9E5008F39B5 /* AstroListViewModelProtocol.swift */,
				759ECFC22986D973008F39B5 /* AstroListViewModel.swift */,
				759ECFCB2986DD0D008F39B5 /* Mocks */,
				759ECFCE2986DE42008F39B5 /* Tests */,
				759ECFC42986D984008F39B5 /* Views */,
			);
			path = AstroList;
			sourceTree = "<group>";
		};
		759ECFC42986D984008F39B5 /* Views */ = {
			isa = PBXGroup;
			children = (
				759ECFC52986D99B008F39B5 /* AstroListView.swift */,
				759ECFC92986DC89008F39B5 /* AstroListRow.swift */,
				759ECFD52986E065008F39B5 /* AstroFilterView.swift */,
				759ECFD72986E06D008F39B5 /* AstroFilterRow.swift */,
			);
			path = Views;
			sourceTree = "<group>";
		};
		759ECFCB2986DD0D008F39B5 /* Mocks */ = {
			isa = PBXGroup;
			children = (
				759ECFCC2986DD27008F39B5 /* MockAstroListViewModel.swift */,
			);
			path = Mocks;
			sourceTree = "<group>";
		};
		759ECFCE2986DE42008F39B5 /* Tests */ = {
			isa = PBXGroup;
			children = (
				759ECFCF2986DE5D008F39B5 /* AstroListViewModelTests.swift */,
			);
			path = Tests;
			sourceTree = "<group>";
		};
		759ECFDB2986E487008F39B5 /* AstroDetail */ = {
			isa = PBXGroup;
			children = (
				759ECFDC2986E49C008F39B5 /* AstroDetailViewModel.swift */,
				759ECFDE2986E4AB008F39B5 /* Models */,
				759ECFDF2986E4B3008F39B5 /* Tests */,
				759ECFE02986E4B9008F39B5 /* Views */,
			);
			path = AstroDetail;
			sourceTree = "<group>";
		};
		759ECFDE2986E4AB008F39B5 /* Models */ = {
			isa = PBXGroup;
			children = (
				759ECFE12986E4EA008F39B5 /* AstronautLink.swift */,
			);
			path = Models;
			sourceTree = "<group>";
		};
		759ECFDF2986E4B3008F39B5 /* Tests */ = {
			isa = PBXGroup;
			children = (
				759ECFE32986E500008F39B5 /* AstroDetailViewModelTests.swift */,
			);
			path = Tests;
			sourceTree = "<group>";
		};
		759ECFE02986E4B9008F39B5 /* Views */ = {
			isa = PBXGroup;
			children = (
				759ECFE52986E50C008F39B5 /* AstroDetailView.swift */,
				759ECFE72986E520008F39B5 /* DetailHeaderView.swift */,
				759ECFE92986E529008F39B5 /* DetailBioView.swift */,
			);
			path = Views;
			sourceTree = "<group>";
		};
		81293EF8E2CDA469FA92C4C9 /* Pods */ = {
			isa = PBXGroup;
			children = (
				4705D708245D968EBC765611 /* Pods-Astro.debug.xcconfig */,
				ABD88F79E1BEC7C35CDDD174 /* Pods-Astro.release.xcconfig */,
				02968FE1A7DD5FAB04567361 /* Pods-AstroTests.debug.xcconfig */,
				00D397EBA632EE3B5B614EDC /* Pods-AstroTests.release.xcconfig */,
			);
			path = Pods;
			sourceTree = "<group>";
		};
/* End PBXGroup section */

/* Begin PBXNativeTarget section */
		759ECF2D29869F87008F39B5 /* Astro */ = {
			isa = PBXNativeTarget;
			buildConfigurationList = 759ECF5229869F88008F39B5 /* Build configuration list for PBXNativeTarget "Astro" */;
			buildPhases = (
				CBF2163A1336684ADC0FB169 /* [CP] Check Pods Manifest.lock */,
				759ECF2A29869F87008F39B5 /* Sources */,
				759ECF2B29869F87008F39B5 /* Frameworks */,
				759ECF2C29869F87008F39B5 /* Resources */,
				759ECF682986B095008F39B5 /* SwiftGen */,
				759ECF6F2986B3AE008F39B5 /* SwiftLint */,
			);
			buildRules = (
			);
			dependencies = (
			);
			name = Astro;
			packageProductDependencies = (
				759ECFD32986DF2E008F39B5 /* SDWebImageSwiftUI */,
			);
			productName = Astro;
			productReference = 759ECF2E29869F87008F39B5 /* Astro.app */;
			productType = "com.apple.product-type.application";
		};
		759ECF3D29869F88008F39B5 /* AstroTests */ = {
			isa = PBXNativeTarget;
			buildConfigurationList = 759ECF5529869F88008F39B5 /* Build configuration list for PBXNativeTarget "AstroTests" */;
			buildPhases = (
				1418FC2371D3DA2AADB77D59 /* [CP] Check Pods Manifest.lock */,
				759ECF3A29869F88008F39B5 /* Sources */,
				759ECF3B29869F88008F39B5 /* Frameworks */,
				759ECF3C29869F88008F39B5 /* Resources */,
			);
			buildRules = (
			);
			dependencies = (
				759ECF4029869F88008F39B5 /* PBXTargetDependency */,
			);
			name = AstroTests;
			packageProductDependencies = (
				759ECFD92986E302008F39B5 /* SDWebImageSwiftUI */,
			);
			productName = AstroTests;
			productReference = 759ECF3E29869F88008F39B5 /* AstroTests.xctest */;
			productType = "com.apple.product-type.bundle.unit-test";
		};
/* End PBXNativeTarget section */

/* Begin PBXProject section */
		759ECF2629869F87008F39B5 /* Project object */ = {
			isa = PBXProject;
			attributes = {
				BuildIndependentTargetsInParallel = 1;
				LastSwiftUpdateCheck = 1400;
				LastUpgradeCheck = 1400;
				TargetAttributes = {
					759ECF2D29869F87008F39B5 = {
						CreatedOnToolsVersion = 14.0;
					};
					759ECF3D29869F88008F39B5 = {
						CreatedOnToolsVersion = 14.0;
						LastSwiftMigration = 1400;
						TestTargetID = 759ECF2D29869F87008F39B5;
					};
				};
			};
			buildConfigurationList = 759ECF2929869F87008F39B5 /* Build configuration list for PBXProject "Astro" */;
			compatibilityVersion = "Xcode 14.0";
			developmentRegion = en;
			hasScannedForEncodings = 0;
			knownRegions = (
				en,
				Base,
			);
			mainGroup = 759ECF2529869F87008F39B5;
			packageReferences = (
				759ECFD22986DF2E008F39B5 /* XCRemoteSwiftPackageReference "SDWebImageSwiftUI" */,
			);
			productRefGroup = 759ECF2F29869F87008F39B5 /* Products */;
			projectDirPath = "";
			projectRoot = "";
			targets = (
				759ECF2D29869F87008F39B5 /* Astro */,
				759ECF3D29869F88008F39B5 /* AstroTests */,
			);
		};
/* End PBXProject section */

/* Begin PBXResourcesBuildPhase section */
		759ECF2C29869F87008F39B5 /* Resources */ = {
			isa = PBXResourcesBuildPhase;
			buildActionMask = 2147483647;
			files = (
				759ECF652986B057008F39B5 /* Images.xcassets in Resources */,
				759ECF672986B066008F39B5 /* Colors.xcassets in Resources */,
				759ECF3929869F88008F39B5 /* Preview Assets.xcassets in Resources */,
				759ECF942986CF35008F39B5 /* astronauts.json in Resources */,
				759ECFA72986D4C7008F39B5 /* Configurations.plist in Resources */,
				759ECF612986B01A008F39B5 /* Localizable.strings in Resources */,
				759ECF6A2986B159008F39B5 /* Assets.xcassets in Resources */,
			);
			runOnlyForDeploymentPostprocessing = 0;
		};
		759ECF3C29869F88008F39B5 /* Resources */ = {
			isa = PBXResourcesBuildPhase;
			buildActionMask = 2147483647;
			files = (
			);
			runOnlyForDeploymentPostprocessing = 0;
		};
/* End PBXResourcesBuildPhase section */

/* Begin PBXShellScriptBuildPhase section */
		1418FC2371D3DA2AADB77D59 /* [CP] Check Pods Manifest.lock */ = {
			isa = PBXShellScriptBuildPhase;
			buildActionMask = 2147483647;
			files = (
			);
			inputFileListPaths = (
			);
			inputPaths = (
				"${PODS_PODFILE_DIR_PATH}/Podfile.lock",
				"${PODS_ROOT}/Manifest.lock",
			);
			name = "[CP] Check Pods Manifest.lock";
			outputFileListPaths = (
			);
			outputPaths = (
				"$(DERIVED_FILE_DIR)/Pods-AstroTests-checkManifestLockResult.txt",
			);
			runOnlyForDeploymentPostprocessing = 0;
			shellPath = /bin/sh;
			shellScript = "diff \"${PODS_PODFILE_DIR_PATH}/Podfile.lock\" \"${PODS_ROOT}/Manifest.lock\" > /dev/null\nif [ $? != 0 ] ; then\n    # print error to STDERR\n    echo \"error: The sandbox is not in sync with the Podfile.lock. Run 'pod install' or update your CocoaPods installation.\" >&2\n    exit 1\nfi\n# This output is used by Xcode 'outputs' to avoid re-running this script phase.\necho \"SUCCESS\" > \"${SCRIPT_OUTPUT_FILE_0}\"\n";
			showEnvVarsInLog = 0;
		};
		759ECF682986B095008F39B5 /* SwiftGen */ = {
			isa = PBXShellScriptBuildPhase;
			alwaysOutOfDate = 1;
			buildActionMask = 2147483647;
			files = (
			);
			inputFileListPaths = (
			);
			inputPaths = (
			);
			name = SwiftGen;
			outputFileListPaths = (
			);
			outputPaths = (
			);
			runOnlyForDeploymentPostprocessing = 0;
			shellPath = /bin/sh;
			shellScript = "\"$PODS_ROOT/SwiftGen/bin/swiftgen\"\n";
		};
		759ECF6F2986B3AE008F39B5 /* SwiftLint */ = {
			isa = PBXShellScriptBuildPhase;
			alwaysOutOfDate = 1;
			buildActionMask = 2147483647;
			files = (
			);
			inputFileListPaths = (
			);
			inputPaths = (
			);
			name = SwiftLint;
			outputFileListPaths = (
			);
			outputPaths = (
			);
			runOnlyForDeploymentPostprocessing = 0;
			shellPath = /bin/sh;
			shellScript = "\"${PODS_ROOT}/SwiftLint/swiftlint\"\n";
		};
		CBF2163A1336684ADC0FB169 /* [CP] Check Pods Manifest.lock */ = {
			isa = PBXShellScriptBuildPhase;
			buildActionMask = 2147483647;
			files = (
			);
			inputFileListPaths = (
			);
			inputPaths = (
				"${PODS_PODFILE_DIR_PATH}/Podfile.lock",
				"${PODS_ROOT}/Manifest.lock",
			);
			name = "[CP] Check Pods Manifest.lock";
			outputFileListPaths = (
			);
			outputPaths = (
				"$(DERIVED_FILE_DIR)/Pods-Astro-checkManifestLockResult.txt",
			);
			runOnlyForDeploymentPostprocessing = 0;
			shellPath = /bin/sh;
			shellScript = "diff \"${PODS_PODFILE_DIR_PATH}/Podfile.lock\" \"${PODS_ROOT}/Manifest.lock\" > /dev/null\nif [ $? != 0 ] ; then\n    # print error to STDERR\n    echo \"error: The sandbox is not in sync with the Podfile.lock. Run 'pod install' or update your CocoaPods installation.\" >&2\n    exit 1\nfi\n# This output is used by Xcode 'outputs' to avoid re-running this script phase.\necho \"SUCCESS\" > \"${SCRIPT_OUTPUT_FILE_0}\"\n";
			showEnvVarsInLog = 0;
		};
/* End PBXShellScriptBuildPhase section */

/* Begin PBXSourcesBuildPhase section */
		759ECF2A29869F87008F39B5 /* Sources */ = {
			isa = PBXSourcesBuildPhase;
			buildActionMask = 2147483647;
			files = (
				759ECFC32986D973008F39B5 /* AstroListViewModel.swift in Sources */,
				759ECF862986C79F008F39B5 /* Agency.swift in Sources */,
				759ECFD62986E065008F39B5 /* AstroFilterView.swift in Sources */,
				759ECFA92986D571008F39B5 /* Configurator.swift in Sources */,
				759ECFDD2986E49C008F39B5 /* AstroDetailViewModel.swift in Sources */,
				759ECF762986B88D008F39B5 /* APIServiceProtocol.swift in Sources */,
				759ECF6E2986B181008F39B5 /* L10n.swift in Sources */,
				759ECF962986CF68008F39B5 /* TestData.swift in Sources */,
				759ECFE82986E520008F39B5 /* DetailHeaderView.swift in Sources */,
				759ECF882986C7A9008F39B5 /* AstronautStatus.swift in Sources */,
				759ECF7A2986B8BC008F39B5 /* RequestConstructor.swift in Sources */,
				759ECFCA2986DC89008F39B5 /* AstroListRow.swift in Sources */,
				759ECFCD2986DD27008F39B5 /* MockAstroListViewModel.swift in Sources */,
				759ECFC82986D9E5008F39B5 /* AstroListViewModelProtocol.swift in Sources */,
				759ECFB22986D75A008F39B5 /* RepositoryProtocol.swift in Sources */,
				759ECF842986C797008F39B5 /* Astronaut.swift in Sources */,
				759ECFB52986D7C0008F39B5 /* AstroRepository.swift in Sources */,
				759ECF8A2986C7B3008F39B5 /* AstronautType.swift in Sources */,
				759ECF6C2986B177008F39B5 /* Asset.swift in Sources */,
				759ECFE62986E50C008F39B5 /* AstroDetailView.swift in Sources */,
				759ECF822986C77E008F39B5 /* AstroListResponse.swift in Sources */,
				759ECF722986B60C008F39B5 /* Theme.swift in Sources */,
				759ECFAC2986D595008F39B5 /* Configuration.swift in Sources */,
				759ECFE22986E4EA008F39B5 /* AstronautLink.swift in Sources */,
				759ECF7C2986B8C6008F39B5 /* HTTPMethod.swift in Sources */,
				759ECFB82986D7F8008F39B5 /* URLRequest+Headers.swift in Sources */,
				759ECFEA2986E529008F39B5 /* DetailBioView.swift in Sources */,
				759ECF922986CEFC008F39B5 /* AstroService.swift in Sources */,
				759ECFBF2986D870008F39B5 /* MockAstroRepository.swift in Sources */,
				759ECF3229869F87008F39B5 /* AstroApp.swift in Sources */,
				759ECFC62986D99B008F39B5 /* AstroListView.swift in Sources */,
				759ECFD82986E06D008F39B5 /* AstroFilterRow.swift in Sources */,
				759ECF782986B8AE008F39B5 /* APIError.swift in Sources */,
			);
			runOnlyForDeploymentPostprocessing = 0;
		};
		759ECF3A29869F88008F39B5 /* Sources */ = {
			isa = PBXSourcesBuildPhase;
			buildActionMask = 2147483647;
			files = (
				759ECFBE2986D844008F39B5 /* AstroRepositoryTests.swift in Sources */,
				759ECFA12986D39B008F39B5 /* MockAstroService.swift in Sources */,
				759ECF9E2986D249008F39B5 /* AstroServiceTests.swift in Sources */,
				759ECFD12986DE7E008F39B5 /* AstroListViewModelTests.swift in Sources */,
				759ECF9F2986D254008F39B5 /* MockURLProtocol.swift in Sources */,
				759ECFE42986E500008F39B5 /* AstroDetailViewModelTests.swift in Sources */,
			);
			runOnlyForDeploymentPostprocessing = 0;
		};
/* End PBXSourcesBuildPhase section */

/* Begin PBXTargetDependency section */
		759ECF4029869F88008F39B5 /* PBXTargetDependency */ = {
			isa = PBXTargetDependency;
			target = 759ECF2D29869F87008F39B5 /* Astro */;
			targetProxy = 759ECF3F29869F88008F39B5 /* PBXContainerItemProxy */;
		};
/* End PBXTargetDependency section */

/* Begin PBXVariantGroup section */
		759ECF632986B01A008F39B5 /* Localizable.strings */ = {
			isa = PBXVariantGroup;
			children = (
				759ECF622986B01A008F39B5 /* en */,
			);
			name = Localizable.strings;
			sourceTree = "<group>";
		};
/* End PBXVariantGroup section */

/* Begin XCBuildConfiguration section */
		759ECF5029869F88008F39B5 /* Debug */ = {
			isa = XCBuildConfiguration;
			buildSettings = {
				ALWAYS_SEARCH_USER_PATHS = NO;
				CLANG_ANALYZER_NONNULL = YES;
				CLANG_ANALYZER_NUMBER_OBJECT_CONVERSION = YES_AGGRESSIVE;
				CLANG_CXX_LANGUAGE_STANDARD = "gnu++20";
				CLANG_ENABLE_MODULES = YES;
				CLANG_ENABLE_OBJC_ARC = YES;
				CLANG_ENABLE_OBJC_WEAK = YES;
				CLANG_WARN_BLOCK_CAPTURE_AUTORELEASING = YES;
				CLANG_WARN_BOOL_CONVERSION = YES;
				CLANG_WARN_COMMA = YES;
				CLANG_WARN_CONSTANT_CONVERSION = YES;
				CLANG_WARN_DEPRECATED_OBJC_IMPLEMENTATIONS = YES;
				CLANG_WARN_DIRECT_OBJC_ISA_USAGE = YES_ERROR;
				CLANG_WARN_DOCUMENTATION_COMMENTS = YES;
				CLANG_WARN_EMPTY_BODY = YES;
				CLANG_WARN_ENUM_CONVERSION = YES;
				CLANG_WARN_INFINITE_RECURSION = YES;
				CLANG_WARN_INT_CONVERSION = YES;
				CLANG_WARN_NON_LITERAL_NULL_CONVERSION = YES;
				CLANG_WARN_OBJC_IMPLICIT_RETAIN_SELF = YES;
				CLANG_WARN_OBJC_LITERAL_CONVERSION = YES;
				CLANG_WARN_OBJC_ROOT_CLASS = YES_ERROR;
				CLANG_WARN_QUOTED_INCLUDE_IN_FRAMEWORK_HEADER = YES;
				CLANG_WARN_RANGE_LOOP_ANALYSIS = YES;
				CLANG_WARN_STRICT_PROTOTYPES = YES;
				CLANG_WARN_SUSPICIOUS_MOVE = YES;
				CLANG_WARN_UNGUARDED_AVAILABILITY = YES_AGGRESSIVE;
				CLANG_WARN_UNREACHABLE_CODE = YES;
				CLANG_WARN__DUPLICATE_METHOD_MATCH = YES;
				COPY_PHASE_STRIP = NO;
				DEBUG_INFORMATION_FORMAT = dwarf;
				ENABLE_STRICT_OBJC_MSGSEND = YES;
				ENABLE_TESTABILITY = YES;
				GCC_C_LANGUAGE_STANDARD = gnu11;
				GCC_DYNAMIC_NO_PIC = NO;
				GCC_NO_COMMON_BLOCKS = YES;
				GCC_OPTIMIZATION_LEVEL = 0;
				GCC_PREPROCESSOR_DEFINITIONS = (
					"DEBUG=1",
					"$(inherited)",
				);
				GCC_WARN_64_TO_32_BIT_CONVERSION = YES;
				GCC_WARN_ABOUT_RETURN_TYPE = YES_ERROR;
				GCC_WARN_UNDECLARED_SELECTOR = YES;
				GCC_WARN_UNINITIALIZED_AUTOS = YES_AGGRESSIVE;
				GCC_WARN_UNUSED_FUNCTION = YES;
				GCC_WARN_UNUSED_VARIABLE = YES;
				IPHONEOS_DEPLOYMENT_TARGET = 16.0;
				MTL_ENABLE_DEBUG_INFO = INCLUDE_SOURCE;
				MTL_FAST_MATH = YES;
				ONLY_ACTIVE_ARCH = YES;
				SDKROOT = iphoneos;
				SWIFT_ACTIVE_COMPILATION_CONDITIONS = DEBUG;
				SWIFT_OPTIMIZATION_LEVEL = "-Onone";
			};
			name = Debug;
		};
		759ECF5129869F88008F39B5 /* Release */ = {
			isa = XCBuildConfiguration;
			buildSettings = {
				ALWAYS_SEARCH_USER_PATHS = NO;
				CLANG_ANALYZER_NONNULL = YES;
				CLANG_ANALYZER_NUMBER_OBJECT_CONVERSION = YES_AGGRESSIVE;
				CLANG_CXX_LANGUAGE_STANDARD = "gnu++20";
				CLANG_ENABLE_MODULES = YES;
				CLANG_ENABLE_OBJC_ARC = YES;
				CLANG_ENABLE_OBJC_WEAK = YES;
				CLANG_WARN_BLOCK_CAPTURE_AUTORELEASING = YES;
				CLANG_WARN_BOOL_CONVERSION = YES;
				CLANG_WARN_COMMA = YES;
				CLANG_WARN_CONSTANT_CONVERSION = YES;
				CLANG_WARN_DEPRECATED_OBJC_IMPLEMENTATIONS = YES;
				CLANG_WARN_DIRECT_OBJC_ISA_USAGE = YES_ERROR;
				CLANG_WARN_DOCUMENTATION_COMMENTS = YES;
				CLANG_WARN_EMPTY_BODY = YES;
				CLANG_WARN_ENUM_CONVERSION = YES;
				CLANG_WARN_INFINITE_RECURSION = YES;
				CLANG_WARN_INT_CONVERSION = YES;
				CLANG_WARN_NON_LITERAL_NULL_CONVERSION = YES;
				CLANG_WARN_OBJC_IMPLICIT_RETAIN_SELF = YES;
				CLANG_WARN_OBJC_LITERAL_CONVERSION = YES;
				CLANG_WARN_OBJC_ROOT_CLASS = YES_ERROR;
				CLANG_WARN_QUOTED_INCLUDE_IN_FRAMEWORK_HEADER = YES;
				CLANG_WARN_RANGE_LOOP_ANALYSIS = YES;
				CLANG_WARN_STRICT_PROTOTYPES = YES;
				CLANG_WARN_SUSPICIOUS_MOVE = YES;
				CLANG_WARN_UNGUARDED_AVAILABILITY = YES_AGGRESSIVE;
				CLANG_WARN_UNREACHABLE_CODE = YES;
				CLANG_WARN__DUPLICATE_METHOD_MATCH = YES;
				COPY_PHASE_STRIP = NO;
				DEBUG_INFORMATION_FORMAT = "dwarf-with-dsym";
				ENABLE_NS_ASSERTIONS = NO;
				ENABLE_STRICT_OBJC_MSGSEND = YES;
				GCC_C_LANGUAGE_STANDARD = gnu11;
				GCC_NO_COMMON_BLOCKS = YES;
				GCC_WARN_64_TO_32_BIT_CONVERSION = YES;
				GCC_WARN_ABOUT_RETURN_TYPE = YES_ERROR;
				GCC_WARN_UNDECLARED_SELECTOR = YES;
				GCC_WARN_UNINITIALIZED_AUTOS = YES_AGGRESSIVE;
				GCC_WARN_UNUSED_FUNCTION = YES;
				GCC_WARN_UNUSED_VARIABLE = YES;
				IPHONEOS_DEPLOYMENT_TARGET = 16.0;
				MTL_ENABLE_DEBUG_INFO = NO;
				MTL_FAST_MATH = YES;
				SDKROOT = iphoneos;
				SWIFT_COMPILATION_MODE = wholemodule;
				SWIFT_OPTIMIZATION_LEVEL = "-O";
				VALIDATE_PRODUCT = YES;
			};
			name = Release;
		};
		759ECF5329869F88008F39B5 /* Debug */ = {
			isa = XCBuildConfiguration;
			baseConfigurationReference = 4705D708245D968EBC765611 /* Pods-Astro.debug.xcconfig */;
			buildSettings = {
				ASSETCATALOG_COMPILER_APPICON_NAME = AppIcon;
				ASSETCATALOG_COMPILER_GLOBAL_ACCENT_COLOR_NAME = AccentColor;
				CODE_SIGN_STYLE = Automatic;
				CURRENT_PROJECT_VERSION = 1;
				DEVELOPMENT_ASSET_PATHS = "\"Astro/Preview Content\"";
				ENABLE_PREVIEWS = YES;
				GENERATE_INFOPLIST_FILE = YES;
				INFOPLIST_KEY_CFBundleDisplayName = Astro;
				INFOPLIST_KEY_UIApplicationSceneManifest_Generation = YES;
				INFOPLIST_KEY_UIApplicationSupportsIndirectInputEvents = YES;
				INFOPLIST_KEY_UILaunchScreen_Generation = YES;
				INFOPLIST_KEY_UIRequiresFullScreen = YES;
				INFOPLIST_KEY_UISupportedInterfaceOrientations = UIInterfaceOrientationPortrait;
				INFOPLIST_KEY_UISupportedInterfaceOrientations_iPad = "UIInterfaceOrientationPortrait UIInterfaceOrientationPortraitUpsideDown";
				LD_RUNPATH_SEARCH_PATHS = (
					"$(inherited)",
					"@executable_path/Frameworks",
				);
				MARKETING_VERSION = 1.0;
				PRODUCT_BUNDLE_IDENTIFIER = georgeleadbeaterdev.Astro;
				PRODUCT_NAME = "$(TARGET_NAME)";
				SWIFT_EMIT_LOC_STRINGS = YES;
				SWIFT_VERSION = 5.0;
				TARGETED_DEVICE_FAMILY = "1,2";
			};
			name = Debug;
		};
		759ECF5429869F88008F39B5 /* Release */ = {
			isa = XCBuildConfiguration;
			baseConfigurationReference = ABD88F79E1BEC7C35CDDD174 /* Pods-Astro.release.xcconfig */;
			buildSettings = {
				ASSETCATALOG_COMPILER_APPICON_NAME = AppIcon;
				ASSETCATALOG_COMPILER_GLOBAL_ACCENT_COLOR_NAME = AccentColor;
				CODE_SIGN_STYLE = Automatic;
				CURRENT_PROJECT_VERSION = 1;
				DEVELOPMENT_ASSET_PATHS = "\"Astro/Preview Content\"";
				ENABLE_PREVIEWS = YES;
				GENERATE_INFOPLIST_FILE = YES;
				INFOPLIST_KEY_CFBundleDisplayName = Astro;
				INFOPLIST_KEY_UIApplicationSceneManifest_Generation = YES;
				INFOPLIST_KEY_UIApplicationSupportsIndirectInputEvents = YES;
				INFOPLIST_KEY_UILaunchScreen_Generation = YES;
				INFOPLIST_KEY_UIRequiresFullScreen = YES;
				INFOPLIST_KEY_UISupportedInterfaceOrientations = UIInterfaceOrientationPortrait;
				INFOPLIST_KEY_UISupportedInterfaceOrientations_iPad = "UIInterfaceOrientationPortrait UIInterfaceOrientationPortraitUpsideDown";
				LD_RUNPATH_SEARCH_PATHS = (
					"$(inherited)",
					"@executable_path/Frameworks",
				);
				MARKETING_VERSION = 1.0;
				PRODUCT_BUNDLE_IDENTIFIER = georgeleadbeaterdev.Astro;
				PRODUCT_NAME = "$(TARGET_NAME)";
				SWIFT_EMIT_LOC_STRINGS = YES;
				SWIFT_VERSION = 5.0;
				TARGETED_DEVICE_FAMILY = "1,2";
			};
			name = Release;
		};
		759ECF5629869F88008F39B5 /* Debug */ = {
			isa = XCBuildConfiguration;
			baseConfigurationReference = 02968FE1A7DD5FAB04567361 /* Pods-AstroTests.debug.xcconfig */;
			buildSettings = {
				ALWAYS_EMBED_SWIFT_STANDARD_LIBRARIES = YES;
				BUNDLE_LOADER = "$(TEST_HOST)";
				CLANG_ENABLE_MODULES = YES;
				CODE_SIGN_STYLE = Automatic;
				CURRENT_PROJECT_VERSION = 1;
				GENERATE_INFOPLIST_FILE = YES;
				IPHONEOS_DEPLOYMENT_TARGET = 16.0;
				LD_RUNPATH_SEARCH_PATHS = (
					"$(inherited)",
					"@executable_path/Frameworks",
					"@loader_path/Frameworks",
				);
				MARKETING_VERSION = 1.0;
				PRODUCT_BUNDLE_IDENTIFIER = georgeleadbeaterdev.AstroTests;
				PRODUCT_NAME = "$(TARGET_NAME)";
				SWIFT_EMIT_LOC_STRINGS = NO;
				SWIFT_OPTIMIZATION_LEVEL = "-Onone";
				SWIFT_VERSION = 5.0;
				TARGETED_DEVICE_FAMILY = "1,2";
				TEST_HOST = "$(BUILT_PRODUCTS_DIR)/Astro.app/$(BUNDLE_EXECUTABLE_FOLDER_PATH)/Astro";
			};
			name = Debug;
		};
		759ECF5729869F88008F39B5 /* Release */ = {
			isa = XCBuildConfiguration;
			baseConfigurationReference = 00D397EBA632EE3B5B614EDC /* Pods-AstroTests.release.xcconfig */;
			buildSettings = {
				ALWAYS_EMBED_SWIFT_STANDARD_LIBRARIES = YES;
				BUNDLE_LOADER = "$(TEST_HOST)";
				CLANG_ENABLE_MODULES = YES;
				CODE_SIGN_STYLE = Automatic;
				CURRENT_PROJECT_VERSION = 1;
				GENERATE_INFOPLIST_FILE = YES;
				IPHONEOS_DEPLOYMENT_TARGET = 16.0;
				LD_RUNPATH_SEARCH_PATHS = (
					"$(inherited)",
					"@executable_path/Frameworks",
					"@loader_path/Frameworks",
				);
				MARKETING_VERSION = 1.0;
				PRODUCT_BUNDLE_IDENTIFIER = georgeleadbeaterdev.AstroTests;
				PRODUCT_NAME = "$(TARGET_NAME)";
				SWIFT_EMIT_LOC_STRINGS = NO;
				SWIFT_VERSION = 5.0;
				TARGETED_DEVICE_FAMILY = "1,2";
				TEST_HOST = "$(BUILT_PRODUCTS_DIR)/Astro.app/$(BUNDLE_EXECUTABLE_FOLDER_PATH)/Astro";
			};
			name = Release;
		};
/* End XCBuildConfiguration section */

/* Begin XCConfigurationList section */
		759ECF2929869F87008F39B5 /* Build configuration list for PBXProject "Astro" */ = {
			isa = XCConfigurationList;
			buildConfigurations = (
				759ECF5029869F88008F39B5 /* Debug */,
				759ECF5129869F88008F39B5 /* Release */,
			);
			defaultConfigurationIsVisible = 0;
			defaultConfigurationName = Release;
		};
		759ECF5229869F88008F39B5 /* Build configuration list for PBXNativeTarget "Astro" */ = {
			isa = XCConfigurationList;
			buildConfigurations = (
				759ECF5329869F88008F39B5 /* Debug */,
				759ECF5429869F88008F39B5 /* Release */,
			);
			defaultConfigurationIsVisible = 0;
			defaultConfigurationName = Release;
		};
		759ECF5529869F88008F39B5 /* Build configuration list for PBXNativeTarget "AstroTests" */ = {
			isa = XCConfigurationList;
			buildConfigurations = (
				759ECF5629869F88008F39B5 /* Debug */,
				759ECF5729869F88008F39B5 /* Release */,
			);
			defaultConfigurationIsVisible = 0;
			defaultConfigurationName = Release;
		};
/* End XCConfigurationList section */

/* Begin XCRemoteSwiftPackageReference section */
		759ECFD22986DF2E008F39B5 /* XCRemoteSwiftPackageReference "SDWebImageSwiftUI" */ = {
			isa = XCRemoteSwiftPackageReference;
			repositoryURL = "https://github.com/SDWebImage/SDWebImageSwiftUI.git";
			requirement = {
				kind = exactVersion;
				version = 2.2.2;
			};
		};
/* End XCRemoteSwiftPackageReference section */

/* Begin XCSwiftPackageProductDependency section */
		759ECFD32986DF2E008F39B5 /* SDWebImageSwiftUI */ = {
			isa = XCSwiftPackageProductDependency;
			package = 759ECFD22986DF2E008F39B5 /* XCRemoteSwiftPackageReference "SDWebImageSwiftUI" */;
			productName = SDWebImageSwiftUI;
		};
		759ECFD92986E302008F39B5 /* SDWebImageSwiftUI */ = {
			isa = XCSwiftPackageProductDependency;
			package = 759ECFD22986DF2E008F39B5 /* XCRemoteSwiftPackageReference "SDWebImageSwiftUI" */;
			productName = SDWebImageSwiftUI;
		};
/* End XCSwiftPackageProductDependency section */
	};
	rootObject = 759ECF2629869F87008F39B5 /* Project object */;
}
